
Microsoft Visual Studio Solution File, Format Version 12.00
# Visual Studio Version 17
VisualStudioVersion = 17.14.36414.22 d17.14
MinimumVisualStudioVersion = 10.0.40219.1
Project("{FAE04EC0-301F-11D3-BF4B-00C04F79EFBC}") = "WinFormsApp1", "WinFormsApp1\WinFormsApp1.csproj", "{C03F8716-3700-4532-BC3D-DA8FC0F20A7D}"
EndProject
Global
	GlobalSection(SolutionConfigurationPlatforms) = preSolution
		Debug|Any CPU = Debug|Any CPU
		Release|Any CPU = Release|Any CPU
	EndGlobalSection
	GlobalSection(ProjectConfigurationPlatforms) = postSolution
		{C03F8716-3700-4532-BC3D-DA8FC0F20A7D}.Debug|Any CPU.ActiveCfg = Debug|Any CPU
		{C03F8716-3700-4532-BC3D-DA8FC0F20A7D}.Debug|Any CPU.Build.0 = Debug|Any CPU
		{C03F8716-3700-4532-BC3D-DA8FC0F20A7D}.Release|Any CPU.ActiveCfg = Release|Any CPU
		{C03F8716-3700-4532-BC3D-DA8FC0F20A7D}.Release|Any CPU.Build.0 = Release|Any CPU
	EndGlobalSection
	GlobalSection(SolutionProperties) = preSolution
		HideSolutionNode = FALSE
	EndGlobalSection
	GlobalSection(ExtensibilityGlobals) = postSolution
		SolutionGuid = {BCB4DDF1-AC1B-4EBE-83E5-73352B2A6FD8}
	EndGlobalSection
EndGlobal
